
Microsoft Visual Studio Solution File, Format Version 12.00
# Visual Studio Version 16
VisualStudioVersion = 16.0.32929.386
MinimumVisualStudioVersion = 10.0.40219.1
Project("{9A19103F-16F7-4668-BE54-9A1E7A4F7556}") = "DataAccess", "DataAccess\DataAccess.csproj", "{76B3DEEA-8061-458D-A6A7-BA19F3DF9006}"
EndProject
Project("{9A19103F-16F7-4668-BE54-9A1E7A4F7556}") = "Business", "Business\Business.csproj", "{3116968D-4C36-4206-A105-EBA10EE2AA6A}"
EndProject
Project("{9A19103F-16F7-4668-BE54-9A1E7A4F7556}") = "Entities", "Entities\Entities.csproj", "{1AE6AAC3-0418-492A-B44F-B05A3D47F1A1}"
EndProject
Project("{9A19103F-16F7-4668-BE54-9A1E7A4F7556}") = "ConsoleUI", "ConsoleUI\ConsoleUI.csproj", "{7414C427-CD44-4664-8FB4-2B2832D3CE11}"
EndProject
Project("{9A19103F-16F7-4668-BE54-9A1E7A4F7556}") = "Core", "Core\Core.csproj", "{538854ED-EE80-4044-BFB3-4A3248E931F4}"
EndProject
Project("{FAE04EC0-301F-11D3-BF4B-00C04F79EFBC}") = "WebAPI", "WebAPI\WebAPI.csproj", "{60D4F60A-5457-4ABE-A912-B46FBEC87E74}"
EndProject
Global
	GlobalSection(SolutionConfigurationPlatforms) = preSolution
		Debug|Any CPU = Debug|Any CPU
		Release|Any CPU = Release|Any CPU
	EndGlobalSection
	GlobalSection(ProjectConfigurationPlatforms) = postSolution
		{76B3DEEA-8061-458D-A6A7-BA19F3DF9006}.Debug|Any CPU.ActiveCfg = Debug|Any CPU
		{76B3DEEA-8061-458D-A6A7-BA19F3DF9006}.Debug|Any CPU.Build.0 = Debug|Any CPU
		{76B3DEEA-8061-458D-A6A7-BA19F3DF9006}.Release|Any CPU.ActiveCfg = Release|Any CPU
		{76B3DEEA-8061-458D-A6A7-BA19F3DF9006}.Release|Any CPU.Build.0 = Release|Any CPU
		{3116968D-4C36-4206-A105-EBA10EE2AA6A}.Debug|Any CPU.ActiveCfg = Debug|Any CPU
		{3116968D-4C36-4206-A105-EBA10EE2AA6A}.Debug|Any CPU.Build.0 = Debug|Any CPU
		{3116968D-4C36-4206-A105-EBA10EE2AA6A}.Release|Any CPU.ActiveCfg = Release|Any CPU
		{3116968D-4C36-4206-A105-EBA10EE2AA6A}.Release|Any CPU.Build.0 = Release|Any CPU
		{1AE6AAC3-0418-492A-B44F-B05A3D47F1A1}.Debug|Any CPU.ActiveCfg = Debug|Any CPU
		{1AE6AAC3-0418-492A-B44F-B05A3D47F1A1}.Debug|Any CPU.Build.0 = Debug|Any CPU
		{1AE6AAC3-0418-492A-B44F-B05A3D47F1A1}.Release|Any CPU.ActiveCfg = Release|Any CPU
		{1AE6AAC3-0418-492A-B44F-B05A3D47F1A1}.Release|Any CPU.Build.0 = Release|Any CPU
		{7414C427-CD44-4664-8FB4-2B2832D3CE11}.Debug|Any CPU.ActiveCfg = Debug|Any CPU
		{7414C427-CD44-4664-8FB4-2B2832D3CE11}.Debug|Any CPU.Build.0 = Debug|Any CPU
		{7414C427-CD44-4664-8FB4-2B2832D3CE11}.Release|Any CPU.ActiveCfg = Release|Any CPU
		{7414C427-CD44-4664-8FB4-2B2832D3CE11}.Release|Any CPU.Build.0 = Release|Any CPU
		{538854ED-EE80-4044-BFB3-4A3248E931F4}.Debug|Any CPU.ActiveCfg = Debug|Any CPU
		{538854ED-EE80-4044-BFB3-4A3248E931F4}.Debug|Any CPU.Build.0 = Debug|Any CPU
		{538854ED-EE80-4044-BFB3-4A3248E931F4}.Release|Any CPU.ActiveCfg = Release|Any CPU
		{538854ED-EE80-4044-BFB3-4A3248E931F4}.Release|Any CPU.Build.0 = Release|Any CPU
		{60D4F60A-5457-4ABE-A912-B46FBEC87E74}.Debug|Any CPU.ActiveCfg = Debug|Any CPU
		{60D4F60A-5457-4ABE-A912-B46FBEC87E74}.Debug|Any CPU.Build.0 = Debug|Any CPU
		{60D4F60A-5457-4ABE-A912-B46FBEC87E74}.Release|Any CPU.ActiveCfg = Release|Any CPU
		{60D4F60A-5457-4ABE-A912-B46FBEC87E74}.Release|Any CPU.Build.0 = Release|Any CPU
	EndGlobalSection
	GlobalSection(SolutionProperties) = preSolution
		HideSolutionNode = FALSE
	EndGlobalSection
	GlobalSection(ExtensibilityGlobals) = postSolution
		SolutionGuid = {280CBAA0-57C2-42C3-9E2B-108F8606201B}
	EndGlobalSection
EndGlobal
